// !$*UTF8*$!
{
	archiveVersion = 1;
	classes = {
	};
	objectVersion = 46;
	objects = {

/* Begin PBXBuildFile section */
		D8F5003A1A4A5B6F00E61195 /* main.m in Sources */ = {isa = PBXBuildFile; fileRef = D8F500391A4A5B6F00E61195 /* main.m */; };
		D8F5003D1A4A5B6F00E61195 /* AppDelegate.m in Sources */ = {isa = PBXBuildFile; fileRef = D8F5003C1A4A5B6F00E61195 /* AppDelegate.m */; };
		D8F500401A4A5B6F00E61195 /* ViewController.m in Sources */ = {isa = PBXBuildFile; fileRef = D8F5003F1A4A5B6F00E61195 /* ViewController.m */; };
		D8F500431A4A5B6F00E61195 /* Main.storyboard in Resources */ = {isa = PBXBuildFile; fileRef = D8F500411A4A5B6F00E61195 /* Main.storyboard */; };
		D8F500451A4A5B6F00E61195 /* Images.xcassets in Resources */ = {isa = PBXBuildFile; fileRef = D8F500441A4A5B6F00E61195 /* Images.xcassets */; };
		D8F500481A4A5B6F00E61195 /* LaunchScreen.xib in Resources */ = {isa = PBXBuildFile; fileRef = D8F500461A4A5B6F00E61195 /* LaunchScreen.xib */; };
		D8F500541A4A5B6F00E61195 /* test2Tests.m in Sources */ = {isa = PBXBuildFile; fileRef = D8F500531A4A5B6F00E61195 /* test2Tests.m */; };
		D8F5005F1A4A5BFC00E61195 /* TestViewController.m in Sources */ = {isa = PBXBuildFile; fileRef = D8F5005E1A4A5BFC00E61195 /* TestViewController.m */; };
/* End PBXBuildFile section */

/* Begin PBXContainerItemProxy section */
		D8F5004E1A4A5B6F00E61195 /* PBXContainerItemProxy */ = {
			isa = PBXContainerItemProxy;
			containerPortal = D8F5002C1A4A5B6F00E61195 /* Project object */;
			proxyType = 1;
			remoteGlobalIDString = D8F500331A4A5B6F00E61195;
			remoteInfo = test2;
		};
/* End PBXContainerItemProxy section */

/* Begin PBXFileReference section */
		D8F500341A4A5B6F00E61195 /* test2.app */ = {isa = PBXFileReference; explicitFileType = wrapper.application; includeInIndex = 0; path = test2.app; sourceTree = BUILT_PRODUCTS_DIR; };
		D8F500381A4A5B6F00E61195 /* Info.plist */ = {isa = PBXFileReference; lastKnownFileType = text.plist.xml; path = Info.plist; sourceTree = "<group>"; };
		D8F500391A4A5B6F00E61195 /* main.m */ = {isa = PBXFileReference; lastKnownFileType = sourcecode.c.objc; path = main.m; sourceTree = "<group>"; };
		D8F5003B1A4A5B6F00E61195 /* AppDelegate.h */ = {isa = PBXFileReference; lastKnownFileType = sourcecode.c.h; path = AppDelegate.h; sourceTree = "<group>"; };
		D8F5003C1A4A5B6F00E61195 /* AppDelegate.m */ = {isa = PBXFileReference; lastKnownFileType = sourcecode.c.objc; path = AppDelegate.m; sourceTree = "<group>"; };
		D8F5003E1A4A5B6F00E61195 /* ViewController.h */ = {isa = PBXFileReference; lastKnownFileType = sourcecode.c.h; path = ViewController.h; sourceTree = "<group>"; };
		D8F5003F1A4A5B6F00E61195 /* ViewController.m */ = {isa = PBXFileReference; lastKnownFileType = sourcecode.c.objc; path = ViewController.m; sourceTree = "<group>"; };
		D8F500421A4A5B6F00E61195 /* Base */ = {isa = PBXFileReference; lastKnownFileType = file.storyboard; name = Base; path = Base.lproj/Main.storyboard; sourceTree = "<group>"; };
		D8F500441A4A5B6F00E61195 /* Images.xcassets */ = {isa = PBXFileReference; lastKnownFileType = folder.assetcatalog; path = Images.xcassets; sourceTree = "<group>"; };
		D8F500471A4A5B6F00E61195 /* Base */ = {isa = PBXFileReference; lastKnownFileType = file.xib; name = Base; path = Base.lproj/LaunchScreen.xib; sourceTree = "<group>"; };
		D8F5004D1A4A5B6F00E61195 /* test2Tests.xctest */ = {isa = PBXFileReference; explicitFileType = wrapper.cfbundle; includeInIndex = 0; path = test2Tests.xctest; sourceTree = BUILT_PRODUCTS_DIR; };
		D8F500521A4A5B6F00E61195 /* Info.plist */ = {isa = PBXFileReference; lastKnownFileType = text.plist.xml; path = Info.plist; sourceTree = "<group>"; };
		D8F500531A4A5B6F00E61195 /* test2Tests.m */ = {isa = PBXFileReference; lastKnownFileType = sourcecode.c.objc; path = test2Tests.m; sourceTree = "<group>"; };
		D8F5005D1A4A5BFC00E61195 /* TestViewController.h */ = {isa = PBXFileReference; fileEncoding = 4; lastKnownFileType = sourcecode.c.h; path = TestViewController.h; sourceTree = "<group>"; };
		D8F5005E1A4A5BFC00E61195 /* TestViewController.m */ = {isa = PBXFileReference; fileEncoding = 4; lastKnownFileType = sourcecode.c.objc; path = TestViewController.m; sourceTree = "<group>"; };
/* End PBXFileReference section */

/* Begin PBXFrameworksBuildPhase section */
		D8F500311A4A5B6F00E61195 /* Frameworks */ = {
			isa = PBXFrameworksBuildPhase;
			buildActionMask = 2147483647;
			files = (
			);
			runOnlyForDeploymentPostprocessing = 0;
		};
		D8F5004A1A4A5B6F00E61195 /* Frameworks */ = {
			isa = PBXFrameworksBuildPhase;
			buildActionMask = 2147483647;
			files = (
			);
			runOnlyForDeploymentPostprocessing = 0;
		};
/* End PBXFrameworksBuildPhase section */

/* Begin PBXGroup section */
		D8F5002B1A4A5B6F00E61195 = {
			isa = PBXGroup;
			children = (
				D8F500361A4A5B6F00E61195 /* test2 */,
				D8F500501A4A5B6F00E61195 /* test2Tests */,
				D8F500351A4A5B6F00E61195 /* Products */,
			);
			sourceTree = "<group>";
		};
		D8F500351A4A5B6F00E61195 /* Products */ = {
			isa = PBXGroup;
			children = (
				D8F500341A4A5B6F00E61195 /* test2.app */,
				D8F5004D1A4A5B6F00E61195 /* test2Tests.xctest */,
			);
			name = Products;
			sourceTree = "<group>";
		};
		D8F500361A4A5B6F00E61195 /* test2 */ = {
			isa = PBXGroup;
			children = (
				D8F5003B1A4A5B6F00E61195 /* AppDelegate.h */,
				D8F5003C1A4A5B6F00E61195 /* AppDelegate.m */,
				D8F5003E1A4A5B6F00E61195 /* ViewController.h */,
				D8F5003F1A4A5B6F00E61195 /* ViewController.m */,
				D8F5005D1A4A5BFC00E61195 /* TestViewController.h */,
				D8F5005E1A4A5BFC00E61195 /* TestViewController.m */,
				D8F500411A4A5B6F00E61195 /* Main.storyboard */,
				D8F500441A4A5B6F00E61195 /* Images.xcassets */,
				D8F500461A4A5B6F00E61195 /* LaunchScreen.xib */,
				D8F500371A4A5B6F00E61195 /* Supporting Files */,
			);
			path = test2;
			sourceTree = "<group>";
		};
		D8F500371A4A5B6F00E61195 /* Supporting Files */ = {
			isa = PBXGroup;
			children = (
				D8F500381A4A5B6F00E61195 /* Info.plist */,
				D8F500391A4A5B6F00E61195 /* main.m */,
			);
			name = "Supporting Files";
			sourceTree = "<group>";
		};
		D8F500501A4A5B6F00E61195 /* test2Tests */ = {
			isa = PBXGroup;
			children = (
				D8F500531A4A5B6F00E61195 /* test2Tests.m */,
				D8F500511A4A5B6F00E61195 /* Supporting Files */,
			);
			path = test2Tests;
			sourceTree = "<group>";
		};
		D8F500511A4A5B6F00E61195 /* Supporting Files */ = {
			isa = PBXGroup;
			children = (
				D8F500521A4A5B6F00E61195 /* Info.plist */,
			);
			name = "Supporting Files";
			sourceTree = "<group>";
		};
/* End PBXGroup section */

/* Begin PBXNativeTarget section */
		D8F500331A4A5B6F00E61195 /* test2 */ = {
			isa = PBXNativeTarget;
			buildConfigurationList = D8F500571A4A5B6F00E61195 /* Build configuration list for PBXNativeTarget "test2" */;
			buildPhases = (
				D8F500301A4A5B6F00E61195 /* Sources */,
				D8F500311A4A5B6F00E61195 /* Frameworks */,
				D8F500321A4A5B6F00E61195 /* Resources */,
			);
			buildRules = (
			);
			dependencies = (
			);
			name = test2;
			productName = test2;
			productReference = D8F500341A4A5B6F00E61195 /* test2.app */;
			productType = "com.apple.product-type.application";
		};
		D8F5004C1A4A5B6F00E61195 /* test2Tests */ = {
			isa = PBXNativeTarget;
			buildConfigurationList = D8F5005A1A4A5B6F00E61195 /* Build configuration list for PBXNativeTarget "test2Tests" */;
			buildPhases = (
				D8F500491A4A5B6F00E61195 /* Sources */,
				D8F5004A1A4A5B6F00E61195 /* Frameworks */,
				D8F5004B1A4A5B6F00E61195 /* Resources */,
			);
			buildRules = (
			);
			dependencies = (
				D8F5004F1A4A5B6F00E61195 /* PBXTargetDependency */,
			);
			name = test2Tests;
			productName = test2Tests;
			productReference = D8F5004D1A4A5B6F00E61195 /* test2Tests.xctest */;
			productType = "com.apple.product-type.bundle.unit-test";
		};
/* End PBXNativeTarget section */

/* Begin PBXProject section */
		D8F5002C1A4A5B6F00E61195 /* Project object */ = {
			isa = PBXProject;
			attributes = {
				LastUpgradeCheck = 0610;
				ORGANIZATIONNAME = Roc;
				TargetAttributes = {
					D8F500331A4A5B6F00E61195 = {
						CreatedOnToolsVersion = 6.1.1;
					};
					D8F5004C1A4A5B6F00E61195 = {
						CreatedOnToolsVersion = 6.1.1;
						TestTargetID = D8F500331A4A5B6F00E61195;
					};
				};
			};
			buildConfigurationList = D8F5002F1A4A5B6F00E61195 /* Build configuration list for PBXProject "test2" */;
			compatibilityVersion = "Xcode 3.2";
			developmentRegion = English;
			hasScannedForEncodings = 0;
			knownRegions = (
				en,
				Base,
			);
			mainGroup = D8F5002B1A4A5B6F00E61195;
			productRefGroup = D8F500351A4A5B6F00E61195 /* Products */;
			projectDirPath = "";
			projectRoot = "";
			targets = (
				D8F500331A4A5B6F00E61195 /* test2 */,
				D8F5004C1A4A5B6F00E61195 /* test2Tests */,
			);
		};
/* End PBXProject section */

/* Begin PBXResourcesBuildPhase section */
		D8F500321A4A5B6F00E61195 /* Resources */ = {
			isa = PBXResourcesBuildPhase;
			buildActionMask = 2147483647;
			files = (
				D8F500431A4A5B6F00E61195 /* Main.storyboard in Resources */,
				D8F500481A4A5B6F00E61195 /* LaunchScreen.xib in Resources */,
				D8F500451A4A5B6F00E61195 /* Images.xcassets in Resources */,
			);
			runOnlyForDeploymentPostprocessing = 0;
		};
		D8F5004B1A4A5B6F00E61195 /* Resources */ = {
			isa = PBXResourcesBuildPhase;
			buildActionMask = 2147483647;
			files = (
			);
			runOnlyForDeploymentPostprocessing = 0;
		};
/* End PBXResourcesBuildPhase section */

/* Begin PBXSourcesBuildPhase section */
		D8F500301A4A5B6F00E61195 /* Sources */ = {
			isa = PBXSourcesBuildPhase;
			buildActionMask = 2147483647;
			files = (
				D8F500401A4A5B6F00E61195 /* ViewController.m in Sources */,
				D8F5003D1A4A5B6F00E61195 /* AppDelegate.m in Sources */,
				D8F5005F1A4A5BFC00E61195 /* TestViewController.m in Sources */,
				D8F5003A1A4A5B6F00E61195 /* main.m in Sources */,
			);
			runOnlyForDeploymentPostprocessing = 0;
		};
		D8F500491A4A5B6F00E61195 /* Sources */ = {
			isa = PBXSourcesBuildPhase;
			buildActionMask = 2147483647;
			files = (
				D8F500541A4A5B6F00E61195 /* test2Tests.m in Sources */,
			);
			runOnlyForDeploymentPostprocessing = 0;
		};
/* End PBXSourcesBuildPhase section */

/* Begin PBXTargetDependency section */
		D8F5004F1A4A5B6F00E61195 /* PBXTargetDependency */ = {
			isa = PBXTargetDependency;
			target = D8F500331A4A5B6F00E61195 /* test2 */;
			targetProxy = D8F5004E1A4A5B6F00E61195 /* PBXContainerItemProxy */;
		};
/* End PBXTargetDependency section */

/* Begin PBXVariantGroup section */
		D8F500411A4A5B6F00E61195 /* Main.storyboard */ = {
			isa = PBXVariantGroup;
			children = (
				D8F500421A4A5B6F00E61195 /* Base */,
			);
			name = Main.storyboard;
			sourceTree = "<group>";
		};
		D8F500461A4A5B6F00E61195 /* LaunchScreen.xib */ = {
			isa = PBXVariantGroup;
			children = (
				D8F500471A4A5B6F00E61195 /* Base */,
			);
			name = LaunchScreen.xib;
			sourceTree = "<group>";
		};
/* End PBXVariantGroup section */

/* Begin XCBuildConfiguration section */
		D8F500551A4A5B6F00E61195 /* Debug */ = {
			isa = XCBuildConfiguration;
			buildSettings = {
				ALWAYS_SEARCH_USER_PATHS = NO;
				CLANG_CXX_LANGUAGE_STANDARD = "gnu++0x";
				CLANG_CXX_LIBRARY = "libc++";
				CLANG_ENABLE_MODULES = YES;
				CLANG_ENABLE_OBJC_ARC = YES;
				CLANG_WARN_BOOL_CONVERSION = YES;
				CLANG_WARN_CONSTANT_CONVERSION = YES;
				CLANG_WARN_DIRECT_OBJC_ISA_USAGE = YES_ERROR;
				CLANG_WARN_EMPTY_BODY = YES;
				CLANG_WARN_ENUM_CONVERSION = YES;
				CLANG_WARN_INT_CONVERSION = YES;
				CLANG_WARN_OBJC_ROOT_CLASS = YES_ERROR;
				CLANG_WARN_UNREACHABLE_CODE = YES;
				CLANG_WARN__DUPLICATE_METHOD_MATCH = YES;
				"CODE_SIGN_IDENTITY[sdk=iphoneos*]" = "iPhone Developer";
				COPY_PHASE_STRIP = NO;
				ENABLE_STRICT_OBJC_MSGSEND = YES;
				GCC_C_LANGUAGE_STANDARD = gnu99;
				GCC_DYNAMIC_NO_PIC = NO;
				GCC_OPTIMIZATION_LEVEL = 0;
				GCC_PREPROCESSOR_DEFINITIONS = (
					"DEBUG=1",
					"$(inherited)",
				);
				GCC_SYMBOLS_PRIVATE_EXTERN = NO;
				GCC_WARN_64_TO_32_BIT_CONVERSION = YES;
				GCC_WARN_ABOUT_RETURN_TYPE = YES_ERROR;
				GCC_WARN_UNDECLARED_SELECTOR = YES;
				GCC_WARN_UNINITIALIZED_AUTOS = YES_AGGRESSIVE;
				GCC_WARN_UNUSED_FUNCTION = YES;
				GCC_WARN_UNUSED_VARIABLE = YES;
				IPHONEOS_DEPLOYMENT_TARGET = 8.1;
				MTL_ENABLE_DEBUG_INFO = YES;
				ONLY_ACTIVE_ARCH = YES;
				SDKROOT = iphoneos;
				TARGETED_DEVICE_FAMILY = "1,2";
			};
			name = Debug;
		};
		D8F500561A4A5B6F00E61195 /* Release */ = {
			isa = XCBuildConfiguration;
			buildSettings = {
				ALWAYS_SEARCH_USER_PATHS = NO;
				CLANG_CXX_LANGUAGE_STANDARD = "gnu++0x";
				CLANG_CXX_LIBRARY = "libc++";
				CLANG_ENABLE_MODULES = YES;
				CLANG_ENABLE_OBJC_ARC = YES;
				CLANG_WARN_BOOL_CONVERSION = YES;
				CLANG_WARN_CONSTANT_CONVERSION = YES;
				CLANG_WARN_DIRECT_OBJC_ISA_USAGE = YES_ERROR;
				CLANG_WARN_EMPTY_BODY = YES;
				CLANG_WARN_ENUM_CONVERSION = YES;
				CLANG_WARN_INT_CONVERSION = YES;
				CLANG_WARN_OBJC_ROOT_CLASS = YES_ERROR;
				CLANG_WARN_UNREACHABLE_CODE = YES;
				CLANG_WARN__DUPLICATE_METHOD_MATCH = YES;
				"CODE_SIGN_IDENTITY[sdk=iphoneos*]" = "iPhone Developer";
				COPY_PHASE_STRIP = YES;
				ENABLE_NS_ASSERTIONS = NO;
				ENABLE_STRICT_OBJC_MSGSEND = YES;
				GCC_C_LANGUAGE_STANDARD = gnu99;
				GCC_WARN_64_TO_32_BIT_CONVERSION = YES;
				GCC_WARN_ABOUT_RETURN_TYPE = YES_ERROR;
				GCC_WARN_UNDECLARED_SELECTOR = YES;
				GCC_WARN_UNINITIALIZED_AUTOS = YES_AGGRESSIVE;
				GCC_WARN_UNUSED_FUNCTION = YES;
				GCC_WARN_UNUSED_VARIABLE = YES;
				IPHONEOS_DEPLOYMENT_TARGET = 8.1;
				MTL_ENABLE_DEBUG_INFO = NO;
				SDKROOT = iphoneos;
				TARGETED_DEVICE_FAMILY = "1,2";
				VALIDATE_PRODUCT = YES;
			};
			name = Release;
		};
		D8F500581A4A5B6F00E61195 /* Debug */ = {
			isa = XCBuildConfiguration;
			buildSettings = {
				ASSETCATALOG_COMPILER_APPICON_NAME = AppIcon;
				INFOPLIST_FILE = test2/Info.plist;
				IPHONEOS_DEPLOYMENT_TARGET = 7.0;
				LD_RUNPATH_SEARCH_PATHS = "$(inherited) @executable_path/Frameworks";
				PRODUCT_NAME = "$(TARGET_NAME)";
			};
			name = Debug;
		};
		D8F500591A4A5B6F00E61195 /* Release */ = {
			isa = XCBuildConfiguration;
			buildSettings = {
				ASSETCATALOG_COMPILER_APPICON_NAME = AppIcon;
				INFOPLIST_FILE = test2/Info.plist;
				IPHONEOS_DEPLOYMENT_TARGET = 7.0;
				LD_RUNPATH_SEARCH_PATHS = "$(inherited) @executable_path/Frameworks";
				PRODUCT_NAME = "$(TARGET_NAME)";
			};
			name = Release;
		};
		D8F5005B1A4A5B6F00E61195 /* Debug */ = {
			isa = XCBuildConfiguration;
			buildSettings = {
				BUNDLE_LOADER = "$(TEST_HOST)";
				FRAMEWORK_SEARCH_PATHS = (
					"$(SDKROOT)/Developer/Library/Frameworks",
					"$(inherited)",
				);
				GCC_PREPROCESSOR_DEFINITIONS = (
					"DEBUG=1",
					"$(inherited)",
				);
				INFOPLIST_FILE = test2Tests/Info.plist;
				LD_RUNPATH_SEARCH_PATHS = "$(inherited) @executable_path/Frameworks @loader_path/Frameworks";
				PRODUCT_NAME = "$(TARGET_NAME)";
				TEST_HOST = "$(BUILT_PRODUCTS_DIR)/test2.app/test2";
			};
			name = Debug;
		};
		D8F5005C1A4A5B6F00E61195 /* Release */ = {
			isa = XCBuildConfiguration;
			buildSettings = {
				BUNDLE_LOADER = "$(TEST_HOST)";
				FRAMEWORK_SEARCH_PATHS = (
					"$(SDKROOT)/Developer/Library/Frameworks",
					"$(inherited)",
				);
				INFOPLIST_FILE = test2Tests/Info.plist;
				LD_RUNPATH_SEARCH_PATHS = "$(inherited) @executable_path/Frameworks @loader_path/Frameworks";
				PRODUCT_NAME = "$(TARGET_NAME)";
				TEST_HOST = "$(BUILT_PRODUCTS_DIR)/test2.app/test2";
			};
			name = Release;
		};
/* End XCBuildConfiguration section */

/* Begin XCConfigurationList section */
		D8F5002F1A4A5B6F00E61195 /* Build configuration list for PBXProject "test2" */ = {
			isa = XCConfigurationList;
			buildConfigurations = (
				D8F500551A4A5B6F00E61195 /* Debug */,
				D8F500561A4A5B6F00E61195 /* Release */,
			);
			defaultConfigurationIsVisible = 0;
			defaultConfigurationName = Release;
		};
		D8F500571A4A5B6F00E61195 /* Build configuration list for PBXNativeTarget "test2" */ = {
			isa = XCConfigurationList;
			buildConfigurations = (
				D8F500581A4A5B6F00E61195 /* Debug */,
				D8F500591A4A5B6F00E61195 /* Release */,
			);
			defaultConfigurationIsVisible = 0;
		};
		D8F5005A1A4A5B6F00E61195 /* Build configuration list for PBXNativeTarget "test2Tests" */ = {
			isa = XCConfigurationList;
			buildConfigurations = (
				D8F5005B1A4A5B6F00E61195 /* Debug */,
				D8F5005C1A4A5B6F00E61195 /* Release */,
			);
			defaultConfigurationIsVisible = 0;
		};
/* End XCConfigurationList section */
	};
	rootObject = D8F5002C1A4A5B6F00E61195 /* Project object */;
}
